
Microsoft Visual Studio Solution File, Format Version 12.00
# Visual Studio Version 17
VisualStudioVersion = 17.5.002.0
MinimumVisualStudioVersion = 10.0.40219.1
Project("{9A19103F-16F7-4668-BE54-9A1E7A4F7556}") = "actAsCLient", "actAsCLient.csproj", "{2E6A5510-4BEB-4106-95E8-6C8406130522}"
EndProject
Global
	GlobalSection(SolutionConfigurationPlatforms) = preSolution
		Debug|Any CPU = Debug|Any CPU
		Release|Any CPU = Release|Any CPU
	EndGlobalSection
	GlobalSection(ProjectConfigurationPlatforms) = postSolution
		{2E6A5510-4BEB-4106-95E8-6C8406130522}.Debug|Any CPU.ActiveCfg = Debug|Any CPU
		{2E6A5510-4BEB-4106-95E8-6C8406130522}.Debug|Any CPU.Build.0 = Debug|Any CPU
		{2E6A5510-4BEB-4106-95E8-6C8406130522}.Release|Any CPU.ActiveCfg = Release|Any CPU
		{2E6A5510-4BEB-4106-95E8-6C8406130522}.Release|Any CPU.Build.0 = Release|Any CPU
	EndGlobalSection
	GlobalSection(SolutionProperties) = preSolution
		HideSolutionNode = FALSE
	EndGlobalSection
	GlobalSection(ExtensibilityGlobals) = postSolution
		SolutionGuid = {1F5D4B23-12FE-43C5-B082-9CF8F91F50DE}
	EndGlobalSection
EndGlobal
